
Microsoft Visual Studio Solution File, Format Version 12.00
# Visual Studio Version 17
VisualStudioVersion = 17.11.35327.3
MinimumVisualStudioVersion = 10.0.40219.1
Project("{FAE04EC0-301F-11D3-BF4B-00C04F79EFBC}") = "LB1", "LB1\LB1.csproj", "{BFBEA505-DAD0-44A3-B099-14AC99943686}"
EndProject
Global
	GlobalSection(SolutionConfigurationPlatforms) = preSolution
		Debug|Any CPU = Debug|Any CPU
		Release|Any CPU = Release|Any CPU
	EndGlobalSection
	GlobalSection(ProjectConfigurationPlatforms) = postSolution
		{BFBEA505-DAD0-44A3-B099-14AC99943686}.Debug|Any CPU.ActiveCfg = Debug|Any CPU
		{BFBEA505-DAD0-44A3-B099-14AC99943686}.Debug|Any CPU.Build.0 = Debug|Any CPU
		{BFBEA505-DAD0-44A3-B099-14AC99943686}.Release|Any CPU.ActiveCfg = Release|Any CPU
		{BFBEA505-DAD0-44A3-B099-14AC99943686}.Release|Any CPU.Build.0 = Release|Any CPU
	EndGlobalSection
	GlobalSection(SolutionProperties) = preSolution
		HideSolutionNode = FALSE
	EndGlobalSection
	GlobalSection(ExtensibilityGlobals) = postSolution
		SolutionGuid = {434635EE-970B-4A8F-ACE1-93DF34EB9CB9}
	EndGlobalSection
EndGlobal
